// !$*UTF8*$!
{
	archiveVersion = 1;
	classes = {
	};
	objectVersion = 77;
	objects = {

/* Begin PBXContainerItemProxy section */
		AE3AABF52D6DA0C7006EE4E0 /* PBXContainerItemProxy */ = {
			isa = PBXContainerItemProxy;
			containerPortal = AE3AABDC2D6DA0C5006EE4E0 /* Project object */;
			proxyType = 1;
			remoteGlobalIDString = AE3AABE32D6DA0C5006EE4E0;
			remoteInfo = "s25-bootcamp-to-do-list";
		};
		AE3AABFF2D6DA0C7006EE4E0 /* PBXContainerItemProxy */ = {
			isa = PBXContainerItemProxy;
			containerPortal = AE3AABDC2D6DA0C5006EE4E0 /* Project object */;
			proxyType = 1;
			remoteGlobalIDString = AE3AABE32D6DA0C5006EE4E0;
			remoteInfo = "s25-bootcamp-to-do-list";
		};
/* End PBXContainerItemProxy section */

/* Begin PBXFileReference section */
		AE3AABE42D6DA0C5006EE4E0 /* s25-bootcamp-to-do-list.app */ = {isa = PBXFileReference; explicitFileType = wrapper.application; includeInIndex = 0; path = "s25-bootcamp-to-do-list.app"; sourceTree = BUILT_PRODUCTS_DIR; };
		AE3AABF42D6DA0C7006EE4E0 /* s25-bootcamp-to-do-listTests.xctest */ = {isa = PBXFileReference; explicitFileType = wrapper.cfbundle; includeInIndex = 0; path = "s25-bootcamp-to-do-listTests.xctest"; sourceTree = BUILT_PRODUCTS_DIR; };
		AE3AABFE2D6DA0C7006EE4E0 /* s25-bootcamp-to-do-listUITests.xctest */ = {isa = PBXFileReference; explicitFileType = wrapper.cfbundle; includeInIndex = 0; path = "s25-bootcamp-to-do-listUITests.xctest"; sourceTree = BUILT_PRODUCTS_DIR; };
/* End PBXFileReference section */

/* Begin PBXFileSystemSynchronizedRootGroup section */
		AE3AABE62D6DA0C5006EE4E0 /* s25-bootcamp-to-do-list */ = {
			isa = PBXFileSystemSynchronizedRootGroup;
			path = "s25-bootcamp-to-do-list";
			sourceTree = "<group>";
		};
		AE3AABF72D6DA0C7006EE4E0 /* s25-bootcamp-to-do-listTests */ = {
			isa = PBXFileSystemSynchronizedRootGroup;
			path = "s25-bootcamp-to-do-listTests";
			sourceTree = "<group>";
		};
		AE3AAC012D6DA0C7006EE4E0 /* s25-bootcamp-to-do-listUITests */ = {
			isa = PBXFileSystemSynchronizedRootGroup;
			path = "s25-bootcamp-to-do-listUITests";
			sourceTree = "<group>";
		};
/* End PBXFileSystemSynchronizedRootGroup section */

/* Begin PBXFrameworksBuildPhase section */
		AE3AABE12D6DA0C5006EE4E0 /* Frameworks */ = {
			isa = PBXFrameworksBuildPhase;
			buildActionMask = 2147483647;
			files = (
			);
			runOnlyForDeploymentPostprocessing = 0;
		};
		AE3AABF12D6DA0C7006EE4E0 /* Frameworks */ = {
			isa = PBXFrameworksBuildPhase;
			buildActionMask = 2147483647;
			files = (
			);
			runOnlyForDeploymentPostprocessing = 0;
		};
		AE3AABFB2D6DA0C7006EE4E0 /* Frameworks */ = {
			isa = PBXFrameworksBuildPhase;
			buildActionMask = 2147483647;
			files = (
			);
			runOnlyForDeploymentPostprocessing = 0;
		};
/* End PBXFrameworksBuildPhase section */

/* Begin PBXGroup section */
		AE3AABDB2D6DA0C5006EE4E0 = {
			isa = PBXGroup;
			children = (
				AE3AABE62D6DA0C5006EE4E0 /* s25-bootcamp-to-do-list */,
				AE3AABF72D6DA0C7006EE4E0 /* s25-bootcamp-to-do-listTests */,
				AE3AAC012D6DA0C7006EE4E0 /* s25-bootcamp-to-do-listUITests */,
				AE3AABE52D6DA0C5006EE4E0 /* Products */,
			);
			sourceTree = "<group>";
		};
		AE3AABE52D6DA0C5006EE4E0 /* Products */ = {
			isa = PBXGroup;
			children = (
				AE3AABE42D6DA0C5006EE4E0 /* s25-bootcamp-to-do-list.app */,
				AE3AABF42D6DA0C7006EE4E0 /* s25-bootcamp-to-do-listTests.xctest */,
				AE3AABFE2D6DA0C7006EE4E0 /* s25-bootcamp-to-do-listUITests.xctest */,
			);
			name = Products;
			sourceTree = "<group>";
		};
/* End PBXGroup section */

/* Begin PBXNativeTarget section */
		AE3AABE32D6DA0C5006EE4E0 /* s25-bootcamp-to-do-list */ = {
			isa = PBXNativeTarget;
			buildConfigurationList = AE3AAC082D6DA0C7006EE4E0 /* Build configuration list for PBXNativeTarget "s25-bootcamp-to-do-list" */;
			buildPhases = (
				AE3AABE02D6DA0C5006EE4E0 /* Sources */,
				AE3AABE12D6DA0C5006EE4E0 /* Frameworks */,
				AE3AABE22D6DA0C5006EE4E0 /* Resources */,
			);
			buildRules = (
			);
			dependencies = (
			);
			fileSystemSynchronizedGroups = (
				AE3AABE62D6DA0C5006EE4E0 /* s25-bootcamp-to-do-list */,
			);
			name = "s25-bootcamp-to-do-list";
			packageProductDependencies = (
			);
			productName = "s25-bootcamp-to-do-list";
			productReference = AE3AABE42D6DA0C5006EE4E0 /* s25-bootcamp-to-do-list.app */;
			productType = "com.apple.product-type.application";
		};
		AE3AABF32D6DA0C7006EE4E0 /* s25-bootcamp-to-do-listTests */ = {
			isa = PBXNativeTarget;
			buildConfigurationList = AE3AAC0B2D6DA0C7006EE4E0 /* Build configuration list for PBXNativeTarget "s25-bootcamp-to-do-listTests" */;
			buildPhases = (
				AE3AABF02D6DA0C7006EE4E0 /* Sources */,
				AE3AABF12D6DA0C7006EE4E0 /* Frameworks */,
				AE3AABF22D6DA0C7006EE4E0 /* Resources */,
			);
			buildRules = (
			);
			dependencies = (
				AE3AABF62D6DA0C7006EE4E0 /* PBXTargetDependency */,
			);
			fileSystemSynchronizedGroups = (
				AE3AABF72D6DA0C7006EE4E0 /* s25-bootcamp-to-do-listTests */,
			);
			name = "s25-bootcamp-to-do-listTests";
			packageProductDependencies = (
			);
			productName = "s25-bootcamp-to-do-listTests";
			productReference = AE3AABF42D6DA0C7006EE4E0 /* s25-bootcamp-to-do-listTests.xctest */;
			productType = "com.apple.product-type.bundle.unit-test";
		};
		AE3AABFD2D6DA0C7006EE4E0 /* s25-bootcamp-to-do-listUITests */ = {
			isa = PBXNativeTarget;
			buildConfigurationList = AE3AAC0E2D6DA0C7006EE4E0 /* Build configuration list for PBXNativeTarget "s25-bootcamp-to-do-listUITests" */;
			buildPhases = (
				AE3AABFA2D6DA0C7006EE4E0 /* Sources */,
				AE3AABFB2D6DA0C7006EE4E0 /* Frameworks */,
				AE3AABFC2D6DA0C7006EE4E0 /* Resources */,
			);
			buildRules = (
			);
			dependencies = (
				AE3AAC002D6DA0C7006EE4E0 /* PBXTargetDependency */,
			);
			fileSystemSynchronizedGroups = (
				AE3AAC012D6DA0C7006EE4E0 /* s25-bootcamp-to-do-listUITests */,
			);
			name = "s25-bootcamp-to-do-listUITests";
			packageProductDependencies = (
			);
			productName = "s25-bootcamp-to-do-listUITests";
			productReference = AE3AABFE2D6DA0C7006EE4E0 /* s25-bootcamp-to-do-listUITests.xctest */;
			productType = "com.apple.product-type.bundle.ui-testing";
		};
/* End PBXNativeTarget section */

/* Begin PBXProject section */
		AE3AABDC2D6DA0C5006EE4E0 /* Project object */ = {
			isa = PBXProject;
			attributes = {
				BuildIndependentTargetsInParallel = 1;
				LastSwiftUpdateCheck = 1620;
				LastUpgradeCheck = 1620;
				TargetAttributes = {
					AE3AABE32D6DA0C5006EE4E0 = {
						CreatedOnToolsVersion = 16.2;
					};
					AE3AABF32D6DA0C7006EE4E0 = {
						CreatedOnToolsVersion = 16.2;
						TestTargetID = AE3AABE32D6DA0C5006EE4E0;
					};
					AE3AABFD2D6DA0C7006EE4E0 = {
						CreatedOnToolsVersion = 16.2;
						TestTargetID = AE3AABE32D6DA0C5006EE4E0;
					};
				};
			};
			buildConfigurationList = AE3AABDF2D6DA0C5006EE4E0 /* Build configuration list for PBXProject "s25-bootcamp-to-do-list" */;
			developmentRegion = en;
			hasScannedForEncodings = 0;
			knownRegions = (
				en,
				Base,
			);
			mainGroup = AE3AABDB2D6DA0C5006EE4E0;
			minimizedProjectReferenceProxies = 1;
			preferredProjectObjectVersion = 77;
			productRefGroup = AE3AABE52D6DA0C5006EE4E0 /* Products */;
			projectDirPath = "";
			projectRoot = "";
			targets = (
				AE3AABE32D6DA0C5006EE4E0 /* s25-bootcamp-to-do-list */,
				AE3AABF32D6DA0C7006EE4E0 /* s25-bootcamp-to-do-listTests */,
				AE3AABFD2D6DA0C7006EE4E0 /* s25-bootcamp-to-do-listUITests */,
			);
		};
/* End PBXProject section */

/* Begin PBXResourcesBuildPhase section */
		AE3AABE22D6DA0C5006EE4E0 /* Resources */ = {
			isa = PBXResourcesBuildPhase;
			buildActionMask = 2147483647;
			files = (
			);
			runOnlyForDeploymentPostprocessing = 0;
		};
		AE3AABF22D6DA0C7006EE4E0 /* Resources */ = {
			isa = PBXResourcesBuildPhase;
			buildActionMask = 2147483647;
			files = (
			);
			runOnlyForDeploymentPostprocessing = 0;
		};
		AE3AABFC2D6DA0C7006EE4E0 /* Resources */ = {
			isa = PBXResourcesBuildPhase;
			buildActionMask = 2147483647;
			files = (
			);
			runOnlyForDeploymentPostprocessing = 0;
		};
/* End PBXResourcesBuildPhase section */

/* Begin PBXSourcesBuildPhase section */
		AE3AABE02D6DA0C5006EE4E0 /* Sources */ = {
			isa = PBXSourcesBuildPhase;
			buildActionMask = 2147483647;
			files = (
			);
			runOnlyForDeploymentPostprocessing = 0;
		};
		AE3AABF02D6DA0C7006EE4E0 /* Sources */ = {
			isa = PBXSourcesBuildPhase;
			buildActionMask = 2147483647;
			files = (
			);
			runOnlyForDeploymentPostprocessing = 0;
		};
		AE3AABFA2D6DA0C7006EE4E0 /* Sources */ = {
			isa = PBXSourcesBuildPhase;
			buildActionMask = 2147483647;
			files = (
			);
			runOnlyForDeploymentPostprocessing = 0;
		};
/* End PBXSourcesBuildPhase section */

/* Begin PBXTargetDependency section */
		AE3AABF62D6DA0C7006EE4E0 /* PBXTargetDependency */ = {
			isa = PBXTargetDependency;
			target = AE3AABE32D6DA0C5006EE4E0 /* s25-bootcamp-to-do-list */;
			targetProxy = AE3AABF52D6DA0C7006EE4E0 /* PBXContainerItemProxy */;
		};
		AE3AAC002D6DA0C7006EE4E0 /* PBXTargetDependency */ = {
			isa = PBXTargetDependency;
			target = AE3AABE32D6DA0C5006EE4E0 /* s25-bootcamp-to-do-list */;
			targetProxy = AE3AABFF2D6DA0C7006EE4E0 /* PBXContainerItemProxy */;
		};
/* End PBXTargetDependency section */

/* Begin XCBuildConfiguration section */
		AE3AAC062D6DA0C7006EE4E0 /* Debug */ = {
			isa = XCBuildConfiguration;
			buildSettings = {
				ALWAYS_SEARCH_USER_PATHS = NO;
				ASSETCATALOG_COMPILER_GENERATE_SWIFT_ASSET_SYMBOL_EXTENSIONS = YES;
				CLANG_ANALYZER_NONNULL = YES;
				CLANG_ANALYZER_NUMBER_OBJECT_CONVERSION = YES_AGGRESSIVE;
				CLANG_CXX_LANGUAGE_STANDARD = "gnu++20";
				CLANG_ENABLE_MODULES = YES;
				CLANG_ENABLE_OBJC_ARC = YES;
				CLANG_ENABLE_OBJC_WEAK = YES;
				CLANG_WARN_BLOCK_CAPTURE_AUTORELEASING = YES;
				CLANG_WARN_BOOL_CONVERSION = YES;
				CLANG_WARN_COMMA = YES;
				CLANG_WARN_CONSTANT_CONVERSION = YES;
				CLANG_WARN_DEPRECATED_OBJC_IMPLEMENTATIONS = YES;
				CLANG_WARN_DIRECT_OBJC_ISA_USAGE = YES_ERROR;
				CLANG_WARN_DOCUMENTATION_COMMENTS = YES;
				CLANG_WARN_EMPTY_BODY = YES;
				CLANG_WARN_ENUM_CONVERSION = YES;
				CLANG_WARN_INFINITE_RECURSION = YES;
				CLANG_WARN_INT_CONVERSION = YES;
				CLANG_WARN_NON_LITERAL_NULL_CONVERSION = YES;
				CLANG_WARN_OBJC_IMPLICIT_RETAIN_SELF = YES;
				CLANG_WARN_OBJC_LITERAL_CONVERSION = YES;
				CLANG_WARN_OBJC_ROOT_CLASS = YES_ERROR;
				CLANG_WARN_QUOTED_INCLUDE_IN_FRAMEWORK_HEADER = YES;
				CLANG_WARN_RANGE_LOOP_ANALYSIS = YES;
				CLANG_WARN_STRICT_PROTOTYPES = YES;
				CLANG_WARN_SUSPICIOUS_MOVE = YES;
				CLANG_WARN_UNGUARDED_AVAILABILITY = YES_AGGRESSIVE;
				CLANG_WARN_UNREACHABLE_CODE = YES;
				CLANG_WARN__DUPLICATE_METHOD_MATCH = YES;
				COPY_PHASE_STRIP = NO;
				DEBUG_INFORMATION_FORMAT = dwarf;
				ENABLE_STRICT_OBJC_MSGSEND = YES;
				ENABLE_TESTABILITY = YES;
				ENABLE_USER_SCRIPT_SANDBOXING = YES;
				GCC_C_LANGUAGE_STANDARD = gnu17;
				GCC_DYNAMIC_NO_PIC = NO;
				GCC_NO_COMMON_BLOCKS = YES;
				GCC_OPTIMIZATION_LEVEL = 0;
				GCC_PREPROCESSOR_DEFINITIONS = (
					"DEBUG=1",
					"$(inherited)",
				);
				GCC_WARN_64_TO_32_BIT_CONVERSION = YES;
				GCC_WARN_ABOUT_RETURN_TYPE = YES_ERROR;
				GCC_WARN_UNDECLARED_SELECTOR = YES;
				GCC_WARN_UNINITIALIZED_AUTOS = YES_AGGRESSIVE;
				GCC_WARN_UNUSED_FUNCTION = YES;
				GCC_WARN_UNUSED_VARIABLE = YES;
				IPHONEOS_DEPLOYMENT_TARGET = 18.2;
				LOCALIZATION_PREFERS_STRING_CATALOGS = YES;
				MTL_ENABLE_DEBUG_INFO = INCLUDE_SOURCE;
				MTL_FAST_MATH = YES;
				ONLY_ACTIVE_ARCH = YES;
				SDKROOT = iphoneos;
				SWIFT_ACTIVE_COMPILATION_CONDITIONS = "DEBUG $(inherited)";
				SWIFT_OPTIMIZATION_LEVEL = "-Onone";
			};
			name = Debug;
		};
		AE3AAC072D6DA0C7006EE4E0 /* Release */ = {
			isa = XCBuildConfiguration;
			buildSettings = {
				ALWAYS_SEARCH_USER_PATHS = NO;
				ASSETCATALOG_COMPILER_GENERATE_SWIFT_ASSET_SYMBOL_EXTENSIONS = YES;
				CLANG_ANALYZER_NONNULL = YES;
				CLANG_ANALYZER_NUMBER_OBJECT_CONVERSION = YES_AGGRESSIVE;
				CLANG_CXX_LANGUAGE_STANDARD = "gnu++20";
				CLANG_ENABLE_MODULES = YES;
				CLANG_ENABLE_OBJC_ARC = YES;
				CLANG_ENABLE_OBJC_WEAK = YES;
				CLANG_WARN_BLOCK_CAPTURE_AUTORELEASING = YES;
				CLANG_WARN_BOOL_CONVERSION = YES;
				CLANG_WARN_COMMA = YES;
				CLANG_WARN_CONSTANT_CONVERSION = YES;
				CLANG_WARN_DEPRECATED_OBJC_IMPLEMENTATIONS = YES;
				CLANG_WARN_DIRECT_OBJC_ISA_USAGE = YES_ERROR;
				CLANG_WARN_DOCUMENTATION_COMMENTS = YES;
				CLANG_WARN_EMPTY_BODY = YES;
				CLANG_WARN_ENUM_CONVERSION = YES;
				CLANG_WARN_INFINITE_RECURSION = YES;
				CLANG_WARN_INT_CONVERSION = YES;
				CLANG_WARN_NON_LITERAL_NULL_CONVERSION = YES;
				CLANG_WARN_OBJC_IMPLICIT_RETAIN_SELF = YES;
				CLANG_WARN_OBJC_LITERAL_CONVERSION = YES;
				CLANG_WARN_OBJC_ROOT_CLASS = YES_ERROR;
				CLANG_WARN_QUOTED_INCLUDE_IN_FRAMEWORK_HEADER = YES;
				CLANG_WARN_RANGE_LOOP_ANALYSIS = YES;
				CLANG_WARN_STRICT_PROTOTYPES = YES;
				CLANG_WARN_SUSPICIOUS_MOVE = YES;
				CLANG_WARN_UNGUARDED_AVAILABILITY = YES_AGGRESSIVE;
				CLANG_WARN_UNREACHABLE_CODE = YES;
				CLANG_WARN__DUPLICATE_METHOD_MATCH = YES;
				COPY_PHASE_STRIP = NO;
				DEBUG_INFORMATION_FORMAT = "dwarf-with-dsym";
				ENABLE_NS_ASSERTIONS = NO;
				ENABLE_STRICT_OBJC_MSGSEND = YES;
				ENABLE_USER_SCRIPT_SANDBOXING = YES;
				GCC_C_LANGUAGE_STANDARD = gnu17;
				GCC_NO_COMMON_BLOCKS = YES;
				GCC_WARN_64_TO_32_BIT_CONVERSION = YES;
				GCC_WARN_ABOUT_RETURN_TYPE = YES_ERROR;
				GCC_WARN_UNDECLARED_SELECTOR = YES;
				GCC_WARN_UNINITIALIZED_AUTOS = YES_AGGRESSIVE;
				GCC_WARN_UNUSED_FUNCTION = YES;
				GCC_WARN_UNUSED_VARIABLE = YES;
				IPHONEOS_DEPLOYMENT_TARGET = 18.2;
				LOCALIZATION_PREFERS_STRING_CATALOGS = YES;
				MTL_ENABLE_DEBUG_INFO = NO;
				MTL_FAST_MATH = YES;
				SDKROOT = iphoneos;
				SWIFT_COMPILATION_MODE = wholemodule;
				VALIDATE_PRODUCT = YES;
			};
			name = Release;
		};
		AE3AAC092D6DA0C7006EE4E0 /* Debug */ = {
			isa = XCBuildConfiguration;
			buildSettings = {
				ASSETCATALOG_COMPILER_APPICON_NAME = AppIcon;
				ASSETCATALOG_COMPILER_GLOBAL_ACCENT_COLOR_NAME = AccentColor;
				CODE_SIGN_STYLE = Automatic;
				CURRENT_PROJECT_VERSION = 1;
				DEVELOPMENT_ASSET_PATHS = "\"s25-bootcamp-to-do-list/Preview Content\"";
				ENABLE_PREVIEWS = YES;
				GENERATE_INFOPLIST_FILE = YES;
				INFOPLIST_KEY_UIApplicationSceneManifest_Generation = YES;
				INFOPLIST_KEY_UIApplicationSupportsIndirectInputEvents = YES;
				INFOPLIST_KEY_UILaunchScreen_Generation = YES;
				INFOPLIST_KEY_UISupportedInterfaceOrientations_iPad = "UIInterfaceOrientationPortrait UIInterfaceOrientationPortraitUpsideDown UIInterfaceOrientationLandscapeLeft UIInterfaceOrientationLandscapeRight";
				INFOPLIST_KEY_UISupportedInterfaceOrientations_iPhone = "UIInterfaceOrientationPortrait UIInterfaceOrientationLandscapeLeft UIInterfaceOrientationLandscapeRight";
				LD_RUNPATH_SEARCH_PATHS = (
					"$(inherited)",
					"@executable_path/Frameworks",
				);
				MARKETING_VERSION = 1.0;
				PRODUCT_BUNDLE_IDENTIFIER = "App-Team.s25-bootcamp-to-do-list";
				PRODUCT_NAME = "$(TARGET_NAME)";
				SWIFT_EMIT_LOC_STRINGS = YES;
				SWIFT_VERSION = 5.0;
				TARGETED_DEVICE_FAMILY = "1,2";
			};
			name = Debug;
		};
		AE3AAC0A2D6DA0C7006EE4E0 /* Release */ = {
			isa = XCBuildConfiguration;
			buildSettings = {
				ASSETCATALOG_COMPILER_APPICON_NAME = AppIcon;
				ASSETCATALOG_COMPILER_GLOBAL_ACCENT_COLOR_NAME = AccentColor;
				CODE_SIGN_STYLE = Automatic;
				CURRENT_PROJECT_VERSION = 1;
				DEVELOPMENT_ASSET_PATHS = "\"s25-bootcamp-to-do-list/Preview Content\"";
				ENABLE_PREVIEWS = YES;
				GENERATE_INFOPLIST_FILE = YES;
				INFOPLIST_KEY_UIApplicationSceneManifest_Generation = YES;
				INFOPLIST_KEY_UIApplicationSupportsIndirectInputEvents = YES;
				INFOPLIST_KEY_UILaunchScreen_Generation = YES;
				INFOPLIST_KEY_UISupportedInterfaceOrientations_iPad = "UIInterfaceOrientationPortrait UIInterfaceOrientationPortraitUpsideDown UIInterfaceOrientationLandscapeLeft UIInterfaceOrientationLandscapeRight";
				INFOPLIST_KEY_UISupportedInterfaceOrientations_iPhone = "UIInterfaceOrientationPortrait UIInterfaceOrientationLandscapeLeft UIInterfaceOrientationLandscapeRight";
				LD_RUNPATH_SEARCH_PATHS = (
					"$(inherited)",
					"@executable_path/Frameworks",
				);
				MARKETING_VERSION = 1.0;
				PRODUCT_BUNDLE_IDENTIFIER = "App-Team.s25-bootcamp-to-do-list";
				PRODUCT_NAME = "$(TARGET_NAME)";
				SWIFT_EMIT_LOC_STRINGS = YES;
				SWIFT_VERSION = 5.0;
				TARGETED_DEVICE_FAMILY = "1,2";
			};
			name = Release;
		};
		AE3AAC0C2D6DA0C7006EE4E0 /* Debug */ = {
			isa = XCBuildConfiguration;
			buildSettings = {
				BUNDLE_LOADER = "$(TEST_HOST)";
				CODE_SIGN_STYLE = Automatic;
				CURRENT_PROJECT_VERSION = 1;
				GENERATE_INFOPLIST_FILE = YES;
				IPHONEOS_DEPLOYMENT_TARGET = 18.2;
				MARKETING_VERSION = 1.0;
				PRODUCT_BUNDLE_IDENTIFIER = "App-Team.s25-bootcamp-to-do-listTests";
				PRODUCT_NAME = "$(TARGET_NAME)";
				SWIFT_EMIT_LOC_STRINGS = NO;
				SWIFT_VERSION = 5.0;
				TARGETED_DEVICE_FAMILY = "1,2";
				TEST_HOST = "$(BUILT_PRODUCTS_DIR)/s25-bootcamp-to-do-list.app/$(BUNDLE_EXECUTABLE_FOLDER_PATH)/s25-bootcamp-to-do-list";
			};
			name = Debug;
		};
		AE3AAC0D2D6DA0C7006EE4E0 /* Release */ = {
			isa = XCBuildConfiguration;
			buildSettings = {
				BUNDLE_LOADER = "$(TEST_HOST)";
				CODE_SIGN_STYLE = Automatic;
				CURRENT_PROJECT_VERSION = 1;
				GENERATE_INFOPLIST_FILE = YES;
				IPHONEOS_DEPLOYMENT_TARGET = 18.2;
				MARKETING_VERSION = 1.0;
				PRODUCT_BUNDLE_IDENTIFIER = "App-Team.s25-bootcamp-to-do-listTests";
				PRODUCT_NAME = "$(TARGET_NAME)";
				SWIFT_EMIT_LOC_STRINGS = NO;
				SWIFT_VERSION = 5.0;
				TARGETED_DEVICE_FAMILY = "1,2";
				TEST_HOST = "$(BUILT_PRODUCTS_DIR)/s25-bootcamp-to-do-list.app/$(BUNDLE_EXECUTABLE_FOLDER_PATH)/s25-bootcamp-to-do-list";
			};
			name = Release;
		};
		AE3AAC0F2D6DA0C7006EE4E0 /* Debug */ = {
			isa = XCBuildConfiguration;
			buildSettings = {
				CODE_SIGN_STYLE = Automatic;
				CURRENT_PROJECT_VERSION = 1;
				GENERATE_INFOPLIST_FILE = YES;
				MARKETING_VERSION = 1.0;
				PRODUCT_BUNDLE_IDENTIFIER = "App-Team.s25-bootcamp-to-do-listUITests";
				PRODUCT_NAME = "$(TARGET_NAME)";
				SWIFT_EMIT_LOC_STRINGS = NO;
				SWIFT_VERSION = 5.0;
				TARGETED_DEVICE_FAMILY = "1,2";
				TEST_TARGET_NAME = "s25-bootcamp-to-do-list";
			};
			name = Debug;
		};
		AE3AAC102D6DA0C7006EE4E0 /* Release */ = {
			isa = XCBuildConfiguration;
			buildSettings = {
				CODE_SIGN_STYLE = Automatic;
				CURRENT_PROJECT_VERSION = 1;
				GENERATE_INFOPLIST_FILE = YES;
				MARKETING_VERSION = 1.0;
				PRODUCT_BUNDLE_IDENTIFIER = "App-Team.s25-bootcamp-to-do-listUITests";
				PRODUCT_NAME = "$(TARGET_NAME)";
				SWIFT_EMIT_LOC_STRINGS = NO;
				SWIFT_VERSION = 5.0;
				TARGETED_DEVICE_FAMILY = "1,2";
				TEST_TARGET_NAME = "s25-bootcamp-to-do-list";
			};
			name = Release;
		};
/* End XCBuildConfiguration section */

/* Begin XCConfigurationList section */
		AE3AABDF2D6DA0C5006EE4E0 /* Build configuration list for PBXProject "s25-bootcamp-to-do-list" */ = {
			isa = XCConfigurationList;
			buildConfigurations = (
				AE3AAC062D6DA0C7006EE4E0 /* Debug */,
				AE3AAC072D6DA0C7006EE4E0 /* Release */,
			);
			defaultConfigurationIsVisible = 0;
			defaultConfigurationName = Release;
		};
		AE3AAC082D6DA0C7006EE4E0 /* Build configuration list for PBXNativeTarget "s25-bootcamp-to-do-list" */ = {
			isa = XCConfigurationList;
			buildConfigurations = (
				AE3AAC092D6DA0C7006EE4E0 /* Debug */,
				AE3AAC0A2D6DA0C7006EE4E0 /* Release */,
			);
			defaultConfigurationIsVisible = 0;
			defaultConfigurationName = Release;
		};
		AE3AAC0B2D6DA0C7006EE4E0 /* Build configuration list for PBXNativeTarget "s25-bootcamp-to-do-listTests" */ = {
			isa = XCConfigurationList;
			buildConfigurations = (
				AE3AAC0C2D6DA0C7006EE4E0 /* Debug */,
				AE3AAC0D2D6DA0C7006EE4E0 /* Release */,
			);
			defaultConfigurationIsVisible = 0;
			defaultConfigurationName = Release;
		};
		AE3AAC0E2D6DA0C7006EE4E0 /* Build configuration list for PBXNativeTarget "s25-bootcamp-to-do-listUITests" */ = {
			isa = XCConfigurationList;
			buildConfigurations = (
				AE3AAC0F2D6DA0C7006EE4E0 /* Debug */,
				AE3AAC102D6DA0C7006EE4E0 /* Release */,
			);
			defaultConfigurationIsVisible = 0;
			defaultConfigurationName = Release;
		};
/* End XCConfigurationList section */
	};
	rootObject = AE3AABDC2D6DA0C5006EE4E0 /* Project object */;
}
